// !$*UTF8*$!
{
	archiveVersion = 1;
	classes = {
	};
	objectVersion = 46;
	objects = {

/* Begin PBXBuildFile section */
		734564521EC5414800A8C602 /* AppDelegate.swift in Sources */ = {isa = PBXBuildFile; fileRef = 734564511EC5414800A8C602 /* AppDelegate.swift */; };
		734564541EC5414800A8C602 /* ViewController.swift in Sources */ = {isa = PBXBuildFile; fileRef = 734564531EC5414800A8C602 /* ViewController.swift */; };
		734564571EC5414800A8C602 /* Main.storyboard in Resources */ = {isa = PBXBuildFile; fileRef = 734564551EC5414800A8C602 /* Main.storyboard */; };
		7345645A1EC5414800A8C602 /* CrowdScore.xcdatamodeld in Sources */ = {isa = PBXBuildFile; fileRef = 734564581EC5414800A8C602 /* CrowdScore.xcdatamodeld */; };
		7345645C1EC5414800A8C602 /* Assets.xcassets in Resources */ = {isa = PBXBuildFile; fileRef = 7345645B1EC5414800A8C602 /* Assets.xcassets */; };
		7345645F1EC5414800A8C602 /* LaunchScreen.storyboard in Resources */ = {isa = PBXBuildFile; fileRef = 7345645D1EC5414800A8C602 /* LaunchScreen.storyboard */; };
/* End PBXBuildFile section */

/* Begin PBXFileReference section */
		7345644E1EC5414800A8C602 /* CrowdScore.app */ = {isa = PBXFileReference; explicitFileType = wrapper.application; includeInIndex = 0; path = CrowdScore.app; sourceTree = BUILT_PRODUCTS_DIR; };
		734564511EC5414800A8C602 /* AppDelegate.swift */ = {isa = PBXFileReference; lastKnownFileType = sourcecode.swift; path = AppDelegate.swift; sourceTree = "<group>"; };
		734564531EC5414800A8C602 /* ViewController.swift */ = {isa = PBXFileReference; lastKnownFileType = sourcecode.swift; path = ViewController.swift; sourceTree = "<group>"; };
		734564561EC5414800A8C602 /* Base */ = {isa = PBXFileReference; lastKnownFileType = file.storyboard; name = Base; path = Base.lproj/Main.storyboard; sourceTree = "<group>"; };
		734564591EC5414800A8C602 /* CrowdScore.xcdatamodel */ = {isa = PBXFileReference; lastKnownFileType = wrapper.xcdatamodel; path = CrowdScore.xcdatamodel; sourceTree = "<group>"; };
		7345645B1EC5414800A8C602 /* Assets.xcassets */ = {isa = PBXFileReference; lastKnownFileType = folder.assetcatalog; path = Assets.xcassets; sourceTree = "<group>"; };
		7345645E1EC5414800A8C602 /* Base */ = {isa = PBXFileReference; lastKnownFileType = file.storyboard; name = Base; path = Base.lproj/LaunchScreen.storyboard; sourceTree = "<group>"; };
		734564601EC5414800A8C602 /* Info.plist */ = {isa = PBXFileReference; lastKnownFileType = text.plist.xml; path = Info.plist; sourceTree = "<group>"; };
/* End PBXFileReference section */

/* Begin PBXFrameworksBuildPhase section */
		7345644B1EC5414800A8C602 /* Frameworks */ = {
			isa = PBXFrameworksBuildPhase;
			buildActionMask = 2147483647;
			files = (
			);
			runOnlyForDeploymentPostprocessing = 0;
		};
/* End PBXFrameworksBuildPhase section */

/* Begin PBXGroup section */
		734564451EC5414800A8C602 = {
			isa = PBXGroup;
			children = (
				734564501EC5414800A8C602 /* CrowdScore */,
				7345644F1EC5414800A8C602 /* Products */,
			);
			sourceTree = "<group>";
		};
		7345644F1EC5414800A8C602 /* Products */ = {
			isa = PBXGroup;
			children = (
				7345644E1EC5414800A8C602 /* CrowdScore.app */,
			);
			name = Products;
			sourceTree = "<group>";
		};
		734564501EC5414800A8C602 /* CrowdScore */ = {
			isa = PBXGroup;
			children = (
				734564511EC5414800A8C602 /* AppDelegate.swift */,
				734564531EC5414800A8C602 /* ViewController.swift */,
				734564551EC5414800A8C602 /* Main.storyboard */,
				7345645B1EC5414800A8C602 /* Assets.xcassets */,
				7345645D1EC5414800A8C602 /* LaunchScreen.storyboard */,
				734564601EC5414800A8C602 /* Info.plist */,
				734564581EC5414800A8C602 /* CrowdScore.xcdatamodeld */,
			);
			path = CrowdScore;
			sourceTree = "<group>";
		};
/* End PBXGroup section */

/* Begin PBXNativeTarget section */
		7345644D1EC5414800A8C602 /* CrowdScore */ = {
			isa = PBXNativeTarget;
			buildConfigurationList = 734564631EC5414800A8C602 /* Build configuration list for PBXNativeTarget "CrowdScore" */;
			buildPhases = (
				7345644A1EC5414800A8C602 /* Sources */,
				7345644B1EC5414800A8C602 /* Frameworks */,
				7345644C1EC5414800A8C602 /* Resources */,
			);
			buildRules = (
			);
			dependencies = (
			);
			name = CrowdScore;
			productName = CrowdScore;
			productReference = 7345644E1EC5414800A8C602 /* CrowdScore.app */;
			productType = "com.apple.product-type.application";
		};
/* End PBXNativeTarget section */

/* Begin PBXProject section */
		734564461EC5414800A8C602 /* Project object */ = {
			isa = PBXProject;
			attributes = {
				LastSwiftUpdateCheck = 0820;
				LastUpgradeCheck = 0820;
				ORGANIZATIONNAME = szzheng;
				TargetAttributes = {
					7345644D1EC5414800A8C602 = {
						CreatedOnToolsVersion = 8.2.1;
						ProvisioningStyle = Automatic;
					};
				};
			};
			buildConfigurationList = 734564491EC5414800A8C602 /* Build configuration list for PBXProject "CrowdScore" */;
			compatibilityVersion = "Xcode 3.2";
			developmentRegion = English;
			hasScannedForEncodings = 0;
			knownRegions = (
				en,
				Base,
			);
			mainGroup = 734564451EC5414800A8C602;
			productRefGroup = 7345644F1EC5414800A8C602 /* Products */;
			projectDirPath = "";
			projectRoot = "";
			targets = (
				7345644D1EC5414800A8C602 /* CrowdScore */,
			);
		};
/* End PBXProject section */

/* Begin PBXResourcesBuildPhase section */
		7345644C1EC5414800A8C602 /* Resources */ = {
			isa = PBXResourcesBuildPhase;
			buildActionMask = 2147483647;
			files = (
				7345645F1EC5414800A8C602 /* LaunchScreen.storyboard in Resources */,
				7345645C1EC5414800A8C602 /* Assets.xcassets in Resources */,
				734564571EC5414800A8C602 /* Main.storyboard in Resources */,
			);
			runOnlyForDeploymentPostprocessing = 0;
		};
/* End PBXResourcesBuildPhase section */

/* Begin PBXSourcesBuildPhase section */
		7345644A1EC5414800A8C602 /* Sources */ = {
			isa = PBXSourcesBuildPhase;
			buildActionMask = 2147483647;
			files = (
				734564541EC5414800A8C602 /* ViewController.swift in Sources */,
				734564521EC5414800A8C602 /* AppDelegate.swift in Sources */,
				7345645A1EC5414800A8C602 /* CrowdScore.xcdatamodeld in Sources */,
			);
			runOnlyForDeploymentPostprocessing = 0;
		};
/* End PBXSourcesBuildPhase section */

/* Begin PBXVariantGroup section */
		734564551EC5414800A8C602 /* Main.storyboard */ = {
			isa = PBXVariantGroup;
			children = (
				734564561EC5414800A8C602 /* Base */,
			);
			name = Main.storyboard;
			sourceTree = "<group>";
		};
		7345645D1EC5414800A8C602 /* LaunchScreen.storyboard */ = {
			isa = PBXVariantGroup;
			children = (
				7345645E1EC5414800A8C602 /* Base */,
			);
			name = LaunchScreen.storyboard;
			sourceTree = "<group>";
		};
/* End PBXVariantGroup section */

/* Begin XCBuildConfiguration section */
		734564611EC5414800A8C602 /* Debug */ = {
			isa = XCBuildConfiguration;
			buildSettings = {
				ALWAYS_SEARCH_USER_PATHS = NO;
				CLANG_ANALYZER_NONNULL = YES;
				CLANG_CXX_LANGUAGE_STANDARD = "gnu++0x";
				CLANG_CXX_LIBRARY = "libc++";
				CLANG_ENABLE_MODULES = YES;
				CLANG_ENABLE_OBJC_ARC = YES;
				CLANG_WARN_BOOL_CONVERSION = YES;
				CLANG_WARN_CONSTANT_CONVERSION = YES;
				CLANG_WARN_DIRECT_OBJC_ISA_USAGE = YES_ERROR;
				CLANG_WARN_DOCUMENTATION_COMMENTS = YES;
				CLANG_WARN_EMPTY_BODY = YES;
				CLANG_WARN_ENUM_CONVERSION = YES;
				CLANG_WARN_INFINITE_RECURSION = YES;
				CLANG_WARN_INT_CONVERSION = YES;
				CLANG_WARN_OBJC_ROOT_CLASS = YES_ERROR;
				CLANG_WARN_SUSPICIOUS_MOVE = YES;
				CLANG_WARN_UNREACHABLE_CODE = YES;
				CLANG_WARN__DUPLICATE_METHOD_MATCH = YES;
				"CODE_SIGN_IDENTITY[sdk=iphoneos*]" = "iPhone Developer";
				COPY_PHASE_STRIP = NO;
				DEBUG_INFORMATION_FORMAT = dwarf;
				ENABLE_STRICT_OBJC_MSGSEND = YES;
				ENABLE_TESTABILITY = YES;
				GCC_C_LANGUAGE_STANDARD = gnu99;
				GCC_DYNAMIC_NO_PIC = NO;
				GCC_NO_COMMON_BLOCKS = YES;
				GCC_OPTIMIZATION_LEVEL = 0;
				GCC_PREPROCESSOR_DEFINITIONS = (
					"DEBUG=1",
					"$(inherited)",
				);
				GCC_WARN_64_TO_32_BIT_CONVERSION = YES;
				GCC_WARN_ABOUT_RETURN_TYPE = YES_ERROR;
				GCC_WARN_UNDECLARED_SELECTOR = YES;
				GCC_WARN_UNINITIALIZED_AUTOS = YES_AGGRESSIVE;
				GCC_WARN_UNUSED_FUNCTION = YES;
				GCC_WARN_UNUSED_VARIABLE = YES;
				IPHONEOS_DEPLOYMENT_TARGET = 10.2;
				MTL_ENABLE_DEBUG_INFO = YES;
				ONLY_ACTIVE_ARCH = YES;
				SDKROOT = iphoneos;
				SWIFT_ACTIVE_COMPILATION_CONDITIONS = DEBUG;
				SWIFT_OPTIMIZATION_LEVEL = "-Onone";
			};
			name = Debug;
		};
		734564621EC5414800A8C602 /* Release */ = {
			isa = XCBuildConfiguration;
			buildSettings = {
				ALWAYS_SEARCH_USER_PATHS = NO;
				CLANG_ANALYZER_NONNULL = YES;
				CLANG_CXX_LANGUAGE_STANDARD = "gnu++0x";
				CLANG_CXX_LIBRARY = "libc++";
				CLANG_ENABLE_MODULES = YES;
				CLANG_ENABLE_OBJC_ARC = YES;
				CLANG_WARN_BOOL_CONVERSION = YES;
				CLANG_WARN_CONSTANT_CONVERSION = YES;
				CLANG_WARN_DIRECT_OBJC_ISA_USAGE = YES_ERROR;
				CLANG_WARN_DOCUMENTATION_COMMENTS = YES;
				CLANG_WARN_EMPTY_BODY = YES;
				CLANG_WARN_ENUM_CONVERSION = YES;
				CLANG_WARN_INFINITE_RECURSION = YES;
				CLANG_WARN_INT_CONVERSION = YES;
				CLANG_WARN_OBJC_ROOT_CLASS = YES_ERROR;
				CLANG_WARN_SUSPICIOUS_MOVE = YES;
				CLANG_WARN_UNREACHABLE_CODE = YES;
				CLANG_WARN__DUPLICATE_METHOD_MATCH = YES;
				"CODE_SIGN_IDENTITY[sdk=iphoneos*]" = "iPhone Developer";
				COPY_PHASE_STRIP = NO;
				DEBUG_INFORMATION_FORMAT = "dwarf-with-dsym";
				ENABLE_NS_ASSERTIONS = NO;
				ENABLE_STRICT_OBJC_MSGSEND = YES;
				GCC_C_LANGUAGE_STANDARD = gnu99;
				GCC_NO_COMMON_BLOCKS = YES;
				GCC_WARN_64_TO_32_BIT_CONVERSION = YES;
				GCC_WARN_ABOUT_RETURN_TYPE = YES_ERROR;
				GCC_WARN_UNDECLARED_SELECTOR = YES;
				GCC_WARN_UNINITIALIZED_AUTOS = YES_AGGRESSIVE;
				GCC_WARN_UNUSED_FUNCTION = YES;
				GCC_WARN_UNUSED_VARIABLE = YES;
				IPHONEOS_DEPLOYMENT_TARGET = 10.2;
				MTL_ENABLE_DEBUG_INFO = NO;
				SDKROOT = iphoneos;
				SWIFT_OPTIMIZATION_LEVEL = "-Owholemodule";
				VALIDATE_PRODUCT = YES;
			};
			name = Release;
		};
		734564641EC5414800A8C602 /* Debug */ = {
			isa = XCBuildConfiguration;
			buildSettings = {
				ASSETCATALOG_COMPILER_APPICON_NAME = AppIcon;
				INFOPLIST_FILE = CrowdScore/Info.plist;
				LD_RUNPATH_SEARCH_PATHS = "$(inherited) @executable_path/Frameworks";
				PRODUCT_BUNDLE_IDENTIFIER = com.szzheng.CrowdScore;
				PRODUCT_NAME = "$(TARGET_NAME)";
				SWIFT_VERSION = 3.0;
			};
			name = Debug;
		};
		734564651EC5414800A8C602 /* Release */ = {
			isa = XCBuildConfiguration;
			buildSettings = {
				ASSETCATALOG_COMPILER_APPICON_NAME = AppIcon;
				INFOPLIST_FILE = CrowdScore/Info.plist;
				LD_RUNPATH_SEARCH_PATHS = "$(inherited) @executable_path/Frameworks";
				PRODUCT_BUNDLE_IDENTIFIER = com.szzheng.CrowdScore;
				PRODUCT_NAME = "$(TARGET_NAME)";
				SWIFT_VERSION = 3.0;
			};
			name = Release;
		};
/* End XCBuildConfiguration section */

/* Begin XCConfigurationList section */
		734564491EC5414800A8C602 /* Build configuration list for PBXProject "CrowdScore" */ = {
			isa = XCConfigurationList;
			buildConfigurations = (
				734564611EC5414800A8C602 /* Debug */,
				734564621EC5414800A8C602 /* Release */,
			);
			defaultConfigurationIsVisible = 0;
			defaultConfigurationName = Release;
		};
		734564631EC5414800A8C602 /* Build configuration list for PBXNativeTarget "CrowdScore" */ = {
			isa = XCConfigurationList;
			buildConfigurations = (
				734564641EC5414800A8C602 /* Debug */,
				734564651EC5414800A8C602 /* Release */,
			);
			defaultConfigurationIsVisible = 0;
		};
/* End XCConfigurationList section */

/* Begin XCVersionGroup section */
		734564581EC5414800A8C602 /* CrowdScore.xcdatamodeld */ = {
			isa = XCVersionGroup;
			children = (
				734564591EC5414800A8C602 /* CrowdScore.xcdatamodel */,
			);
			currentVersion = 734564591EC5414800A8C602 /* CrowdScore.xcdatamodel */;
			path = CrowdScore.xcdatamodeld;
			sourceTree = "<group>";
			versionGroupType = wrapper.xcdatamodel;
		};
/* End XCVersionGroup section */
	};
	rootObject = 734564461EC5414800A8C602 /* Project object */;
}
